{
  "name": "ipaper-frontend",
  "version": "0.0.0",
  "lockfileVersion": 3,
  "requires": true,
  "packages": {
    "": {
      "name": "ipaper-frontend",
      "version": "0.0.0",
      "dependencies": {
        "animate.css": "^4.1.1",
        "axios": "^1.5.1",
        "clipboard": "^2.0.11",
        "dat.gui": "^0.7.9",
        "echarts": "^5.4.3",
        "highlight.js": "^11.9.0",
        "katex": "^0.13.24",
        "markdown-it": "^14.0.0",
        "marked": "^11.1.0",
        "mathjax": "^3.2.2",
        "mitt": "^3.0.1",
        "relation-graph": "^2.1.23",
        "three": "^0.158.0",
        "vatex": "^0.1.0",
        "vue": "^3.3.4",
        "vue-cookies": "^1.8.3",
        "vue-i18n": "^9.7.0",
        "vue-markdown": "^2.1.3",
        "vue-router": "^4.2.5",
        "vuex": "^4.1.0"
      },
      "devDependencies": {
        "@vicons/ionicons5": "^0.12.0",
        "@vitejs/plugin-vue": "^4.3.4",
        "naive-ui": "^2.36.0",
        "vite": "^4.4.9"
      }
    },
    "node_modules/@babel/parser": {
      "version": "7.22.16",
      "license": "MIT",
      "bin": {
        "parser": "bin/babel-parser.js"
      },
      "engines": {
        "node": ">=6.0.0"
      }
    },
    "node_modules/@babel/runtime": {
      "version": "7.23.6",
      "resolved": "https://registry.npmjs.org/@babel/runtime/-/runtime-7.23.6.tgz",
      "integrity": "sha512-zHd0eUrf5GZoOWVCXp6koAKQTfZV07eit6bGPmJgnZdnSAvvZee6zniW2XMF7Cmc4ISOOnPy3QaSiIJGJkVEDQ==",
      "dev": true,
      "dependencies": {
        "regenerator-runtime": "^0.14.0"
      },
      "engines": {
        "node": ">=6.9.0"
      }
    },
    "node_modules/@css-render/plugin-bem": {
      "version": "0.15.12",
      "resolved": "https://registry.npmjs.org/@css-render/plugin-bem/-/plugin-bem-0.15.12.tgz",
      "integrity": "sha512-Lq2jSOZn+wYQtsyaFj6QRz2EzAnd3iW5fZeHO1WSXQdVYwvwGX0ZiH3X2JQgtgYLT1yeGtrwrqJdNdMEUD2xTw==",
      "dev": true,
      "peerDependencies": {
        "css-render": "~0.15.12"
      }
    },
    "node_modules/@css-render/vue3-ssr": {
      "version": "0.15.12",
      "resolved": "https://registry.npmjs.org/@css-render/vue3-ssr/-/vue3-ssr-0.15.12.tgz",
      "integrity": "sha512-AQLGhhaE0F+rwybRCkKUdzBdTEM/5PZBYy+fSYe1T9z9+yxMuV/k7ZRqa4M69X+EI1W8pa4kc9Iq2VjQkZx4rg==",
      "dev": true,
      "peerDependencies": {
        "vue": "^3.0.11"
      }
    },
    "node_modules/@emotion/hash": {
      "version": "0.8.0",
      "resolved": "https://registry.npmjs.org/@emotion/hash/-/hash-0.8.0.tgz",
      "integrity": "sha512-kBJtf7PH6aWwZ6fka3zQ0p6SBYzx4fl1LoZXE2RrnYST9Xljm7WfKJrU4g/Xr3Beg72MLrp1AWNUmuYJTL7Cow==",
      "dev": true
    },
    "node_modules/@esbuild/darwin-arm64": {
      "version": "0.18.20",
      "cpu": [
        "arm64"
      ],
      "dev": true,
      "license": "MIT",
      "optional": true,
      "os": [
        "darwin"
      ],
      "engines": {
        "node": ">=12"
      }
    },
    "node_modules/@esbuild/win32-x64": {
      "version": "0.18.20",
      "resolved": "https://registry.npmjs.org/@esbuild/win32-x64/-/win32-x64-0.18.20.tgz",
      "integrity": "sha512-kTdfRcSiDfQca/y9QIkng02avJ+NCaQvrMejlsB3RRv5sE9rRoeBPISaZpKxHELzRxZyLvNts1P27W3wV+8geQ==",
      "cpu": [
        "x64"
      ],
      "dev": true,
      "optional": true,
      "os": [
        "win32"
      ]
    },
    "node_modules/@intlify/core-base": {
      "version": "9.7.0",
      "license": "MIT",
      "dependencies": {
        "@intlify/message-compiler": "9.7.0",
        "@intlify/shared": "9.7.0"
      },
      "engines": {
        "node": ">= 16"
      },
      "funding": {
        "url": "https://github.com/sponsors/kazupon"
      }
    },
    "node_modules/@intlify/message-compiler": {
      "version": "9.7.0",
      "license": "MIT",
      "dependencies": {
        "@intlify/shared": "9.7.0",
        "source-map-js": "^1.0.2"
      },
      "engines": {
        "node": ">= 16"
      },
      "funding": {
        "url": "https://github.com/sponsors/kazupon"
      }
    },
    "node_modules/@intlify/shared": {
      "version": "9.7.0",
      "license": "MIT",
      "engines": {
        "node": ">= 16"
      },
      "funding": {
        "url": "https://github.com/sponsors/kazupon"
      }
    },
    "node_modules/@jridgewell/sourcemap-codec": {
      "version": "1.4.15",
      "license": "MIT"
    },
    "node_modules/@juggle/resize-observer": {
      "version": "3.4.0",
      "resolved": "https://registry.npmjs.org/@juggle/resize-observer/-/resize-observer-3.4.0.tgz",
      "integrity": "sha512-dfLbk+PwWvFzSxwk3n5ySL0hfBog779o8h68wK/7/APo/7cgyWp5jcXockbxdk5kFRkbeXWm4Fbi9FrdN381sA==",
      "dev": true
    },
    "node_modules/@types/katex": {
      "version": "0.16.7",
      "resolved": "https://registry.npmjs.org/@types/katex/-/katex-0.16.7.tgz",
      "integrity": "sha512-HMwFiRujE5PjrgwHQ25+bsLJgowjGjm5Z8FVSf0N6PwgJrwxH0QxzHYDcKsTfV3wva0vzrpqMTJS2jXPr5BMEQ==",
      "dev": true
    },
    "node_modules/@types/lodash": {
      "version": "4.14.202",
      "resolved": "https://registry.npmjs.org/@types/lodash/-/lodash-4.14.202.tgz",
      "integrity": "sha512-OvlIYQK9tNneDlS0VN54LLd5uiPCBOp7gS5Z0f1mjoJYBrtStzgmJBxONW3U6OZqdtNzZPmn9BS/7WI7BFFcFQ==",
      "dev": true
    },
    "node_modules/@types/lodash-es": {
      "version": "4.17.12",
      "resolved": "https://registry.npmjs.org/@types/lodash-es/-/lodash-es-4.17.12.tgz",
      "integrity": "sha512-0NgftHUcV4v34VhXm8QBSftKVXtbkBG3ViCjs6+eJ5a6y6Mi/jiFGPc1sC7QK+9BFhWrURE3EOggmWaSxL9OzQ==",
      "dev": true,
      "dependencies": {
        "@types/lodash": "*"
      }
    },
    "node_modules/@types/node": {
      "version": "20.10.5",
      "resolved": "https://registry.npmjs.org/@types/node/-/node-20.10.5.tgz",
      "integrity": "sha512-nNPsNE65wjMxEKI93yOP+NPGGBJz/PoN3kZsVLee0XMiJolxSekEVD8wRwBUBqkwc7UWop0edW50yrCQW4CyRw==",
      "dev": true,
      "optional": true,
      "peer": true,
      "dependencies": {
        "undici-types": "~5.26.4"
      }
    },
    "node_modules/@vicons/ionicons5": {
      "version": "0.12.0",
      "dev": true,
      "license": "MIT"
    },
    "node_modules/@vitejs/plugin-vue": {
      "version": "4.3.4",
      "dev": true,
      "license": "MIT",
      "engines": {
        "node": "^14.18.0 || >=16.0.0"
      },
      "peerDependencies": {
        "vite": "^4.0.0",
        "vue": "^3.2.25"
      }
    },
    "node_modules/@vue/compiler-core": {
      "version": "3.3.4",
      "license": "MIT",
      "dependencies": {
        "@babel/parser": "^7.21.3",
        "@vue/shared": "3.3.4",
        "estree-walker": "^2.0.2",
        "source-map-js": "^1.0.2"
      }
    },
    "node_modules/@vue/compiler-dom": {
      "version": "3.3.4",
      "license": "MIT",
      "dependencies": {
        "@vue/compiler-core": "3.3.4",
        "@vue/shared": "3.3.4"
      }
    },
    "node_modules/@vue/compiler-sfc": {
      "version": "3.3.4",
      "license": "MIT",
      "dependencies": {
        "@babel/parser": "^7.20.15",
        "@vue/compiler-core": "3.3.4",
        "@vue/compiler-dom": "3.3.4",
        "@vue/compiler-ssr": "3.3.4",
        "@vue/reactivity-transform": "3.3.4",
        "@vue/shared": "3.3.4",
        "estree-walker": "^2.0.2",
        "magic-string": "^0.30.0",
        "postcss": "^8.1.10",
        "source-map-js": "^1.0.2"
      }
    },
    "node_modules/@vue/compiler-ssr": {
      "version": "3.3.4",
      "license": "MIT",
      "dependencies": {
        "@vue/compiler-dom": "3.3.4",
        "@vue/shared": "3.3.4"
      }
    },
    "node_modules/@vue/devtools-api": {
      "version": "6.5.0",
      "license": "MIT"
    },
    "node_modules/@vue/reactivity": {
      "version": "3.3.4",
      "license": "MIT",
      "dependencies": {
        "@vue/shared": "3.3.4"
      }
    },
    "node_modules/@vue/reactivity-transform": {
      "version": "3.3.4",
      "license": "MIT",
      "dependencies": {
        "@babel/parser": "^7.20.15",
        "@vue/compiler-core": "3.3.4",
        "@vue/shared": "3.3.4",
        "estree-walker": "^2.0.2",
        "magic-string": "^0.30.0"
      }
    },
    "node_modules/@vue/runtime-core": {
      "version": "3.3.4",
      "license": "MIT",
      "dependencies": {
        "@vue/reactivity": "3.3.4",
        "@vue/shared": "3.3.4"
      }
    },
    "node_modules/@vue/runtime-dom": {
      "version": "3.3.4",
      "license": "MIT",
      "dependencies": {
        "@vue/runtime-core": "3.3.4",
        "@vue/shared": "3.3.4",
        "csstype": "^3.1.1"
      }
    },
    "node_modules/@vue/server-renderer": {
      "version": "3.3.4",
      "license": "MIT",
      "dependencies": {
        "@vue/compiler-ssr": "3.3.4",
        "@vue/shared": "3.3.4"
      },
      "peerDependencies": {
        "vue": "3.3.4"
      }
    },
    "node_modules/@vue/shared": {
      "version": "3.3.4",
      "license": "MIT"
    },
    "node_modules/animate.css": {
      "version": "4.1.1",
      "license": "MIT"
    },
    "node_modules/argparse": {
      "version": "2.0.1",
      "resolved": "https://registry.npmjs.org/argparse/-/argparse-2.0.1.tgz",
      "integrity": "sha512-8+9WqebbFzpX9OR+Wa6O29asIogeRMzcGtAINdpMHHyAg10f05aSFVBbcEqGf/PXw1EjAZ+q2/bEBg3DvurK3Q=="
    },
    "node_modules/async-validator": {
      "version": "4.2.5",
      "resolved": "https://registry.npmjs.org/async-validator/-/async-validator-4.2.5.tgz",
      "integrity": "sha512-7HhHjtERjqlNbZtqNqy2rckN/SpOOlmDliet+lP7k+eKZEjPk3DgyeU9lIXLdeLz0uBbbVp+9Qdow9wJWgwwfg==",
      "dev": true
    },
    "node_modules/asynckit": {
      "version": "0.4.0",
      "license": "MIT"
    },
    "node_modules/axios": {
      "version": "1.6.1",
      "license": "MIT",
      "dependencies": {
        "follow-redirects": "^1.15.0",
        "form-data": "^4.0.0",
        "proxy-from-env": "^1.1.0"
      }
    },
    "node_modules/base64-arraybuffer": {
      "version": "1.0.2",
      "resolved": "https://registry.npmjs.org/base64-arraybuffer/-/base64-arraybuffer-1.0.2.tgz",
      "integrity": "sha512-I3yl4r9QB5ZRY3XuJVEPfc2XhZO6YweFPI+UovAzn+8/hb3oJ6lnysaFcjVpkCPfVWFUDvoZ8kmVDP7WyRtYtQ==",
      "engines": {
        "node": ">= 0.6.0"
      }
    },
    "node_modules/clipboard": {
      "version": "2.0.11",
      "resolved": "https://registry.npmjs.org/clipboard/-/clipboard-2.0.11.tgz",
      "integrity": "sha512-C+0bbOqkezLIsmWSvlsXS0Q0bmkugu7jcfMIACB+RDEntIzQIkdr148we28AfSloQLRdZlYL/QYyrq05j/3Faw==",
      "dependencies": {
        "good-listener": "^1.2.2",
        "select": "^1.1.2",
        "tiny-emitter": "^2.0.0"
      }
    },
    "node_modules/clone": {
      "version": "2.1.2",
      "resolved": "https://registry.npmjs.org/clone/-/clone-2.1.2.tgz",
      "integrity": "sha512-3Pe/CF1Nn94hyhIYpjtiLhdCoEoz0DqQ+988E9gmeEdQZlojxnOb74wctFyuwWQHzqyf9X7C7MG8juUpqBJT8w==",
      "engines": {
        "node": ">=0.8"
      }
    },
    "node_modules/combined-stream": {
      "version": "1.0.8",
      "license": "MIT",
      "dependencies": {
        "delayed-stream": "~1.0.0"
      },
      "engines": {
        "node": ">= 0.8"
      }
    },
    "node_modules/commander": {
      "version": "8.3.0",
      "resolved": "https://registry.npmjs.org/commander/-/commander-8.3.0.tgz",
      "integrity": "sha512-OkTL9umf+He2DZkUq8f8J9of7yL6RJKI24dVITBmNfZBmri9zYZQrKkuXiKhyfPSu8tUhnVBB1iKXevvnlR4Ww==",
      "engines": {
        "node": ">= 12"
      }
    },
    "node_modules/css-line-break": {
      "version": "2.1.0",
      "resolved": "https://registry.npmjs.org/css-line-break/-/css-line-break-2.1.0.tgz",
      "integrity": "sha512-FHcKFCZcAha3LwfVBhCQbW2nCNbkZXn7KVUJcsT5/P8YmfsVja0FMPJr0B903j/E69HUphKiV9iQArX8SDYA4w==",
      "dependencies": {
        "utrie": "^1.0.2"
      }
    },
    "node_modules/css-render": {
      "version": "0.15.12",
      "resolved": "https://registry.npmjs.org/css-render/-/css-render-0.15.12.tgz",
      "integrity": "sha512-eWzS66patiGkTTik+ipO9qNGZ+uNuGyTmnz6/+EJIiFg8+3yZRpnMwgFo8YdXhQRsiePzehnusrxVvugNjXzbw==",
      "dev": true,
      "dependencies": {
        "@emotion/hash": "~0.8.0",
        "csstype": "~3.0.5"
      }
    },
    "node_modules/css-render/node_modules/csstype": {
      "version": "3.0.11",
      "resolved": "https://registry.npmjs.org/csstype/-/csstype-3.0.11.tgz",
      "integrity": "sha512-sa6P2wJ+CAbgyy4KFssIb/JNMLxFvKF1pCYCSXS8ZMuqZnMsrxqI2E5sPyoTpxoPU/gVZMzr2zjOfg8GIZOMsw==",
      "dev": true
    },
    "node_modules/csstype": {
      "version": "3.1.2",
      "license": "MIT"
    },
    "node_modules/dat.gui": {
      "version": "0.7.9",
      "license": "Apache-2.0"
    },
    "node_modules/date-fns": {
      "version": "2.30.0",
      "resolved": "https://registry.npmjs.org/date-fns/-/date-fns-2.30.0.tgz",
      "integrity": "sha512-fnULvOpxnC5/Vg3NCiWelDsLiUc9bRwAPs/+LfTLNvetFCtCTN+yQz15C/fs4AwX1R9K5GLtLfn8QW+dWisaAw==",
      "dev": true,
      "dependencies": {
        "@babel/runtime": "^7.21.0"
      },
      "engines": {
        "node": ">=0.11"
      },
      "funding": {
        "type": "opencollective",
        "url": "https://opencollective.com/date-fns"
      }
    },
    "node_modules/date-fns-tz": {
      "version": "2.0.0",
      "resolved": "https://registry.npmjs.org/date-fns-tz/-/date-fns-tz-2.0.0.tgz",
      "integrity": "sha512-OAtcLdB9vxSXTWHdT8b398ARImVwQMyjfYGkKD2zaGpHseG2UPHbHjXELReErZFxWdSLph3c2zOaaTyHfOhERQ==",
      "dev": true,
      "peerDependencies": {
        "date-fns": ">=2.0.0"
      }
    },
    "node_modules/delayed-stream": {
      "version": "1.0.0",
      "license": "MIT",
      "engines": {
        "node": ">=0.4.0"
      }
    },
    "node_modules/delegate": {
      "version": "3.2.0",
      "resolved": "https://registry.npmjs.org/delegate/-/delegate-3.2.0.tgz",
      "integrity": "sha512-IofjkYBZaZivn0V8nnsMJGBr4jVLxHDheKSW88PyxS5QC4Vo9ZbZVvhzlSxY87fVq3STR6r+4cGepyHkcWOQSw=="
    },
    "node_modules/echarts": {
      "version": "5.4.3",
      "resolved": "https://registry.npmjs.org/echarts/-/echarts-5.4.3.tgz",
      "integrity": "sha512-mYKxLxhzy6zyTi/FaEbJMOZU1ULGEQHaeIeuMR5L+JnJTpz+YR03mnnpBhbR4+UYJAgiXgpyTVLffPAjOTLkZA==",
      "dependencies": {
        "tslib": "2.3.0",
        "zrender": "5.4.4"
      }
    },
    "node_modules/entities": {
      "version": "4.5.0",
      "resolved": "https://registry.npmjs.org/entities/-/entities-4.5.0.tgz",
      "integrity": "sha512-V0hjH4dGPh9Ao5p0MoRY6BVqtwCjhz6vI5LT8AJ55H+4g9/4vbHx1I54fS0XuclLhDHArPQCiMjDxjaL8fPxhw==",
      "engines": {
        "node": ">=0.12"
      },
      "funding": {
        "url": "https://github.com/fb55/entities?sponsor=1"
      }
    },
    "node_modules/esbuild": {
      "version": "0.18.20",
      "dev": true,
      "hasInstallScript": true,
      "license": "MIT",
      "bin": {
        "esbuild": "bin/esbuild"
      },
      "engines": {
        "node": ">=12"
      },
      "optionalDependencies": {
        "@esbuild/android-arm": "0.18.20",
        "@esbuild/android-arm64": "0.18.20",
        "@esbuild/android-x64": "0.18.20",
        "@esbuild/darwin-arm64": "0.18.20",
        "@esbuild/darwin-x64": "0.18.20",
        "@esbuild/freebsd-arm64": "0.18.20",
        "@esbuild/freebsd-x64": "0.18.20",
        "@esbuild/linux-arm": "0.18.20",
        "@esbuild/linux-arm64": "0.18.20",
        "@esbuild/linux-ia32": "0.18.20",
        "@esbuild/linux-loong64": "0.18.20",
        "@esbuild/linux-mips64el": "0.18.20",
        "@esbuild/linux-ppc64": "0.18.20",
        "@esbuild/linux-riscv64": "0.18.20",
        "@esbuild/linux-s390x": "0.18.20",
        "@esbuild/linux-x64": "0.18.20",
        "@esbuild/netbsd-x64": "0.18.20",
        "@esbuild/openbsd-x64": "0.18.20",
        "@esbuild/sunos-x64": "0.18.20",
        "@esbuild/win32-arm64": "0.18.20",
        "@esbuild/win32-ia32": "0.18.20",
        "@esbuild/win32-x64": "0.18.20"
      }
    },
    "node_modules/estree-walker": {
      "version": "2.0.2",
      "license": "MIT"
    },
    "node_modules/evtd": {
      "version": "0.2.4",
      "resolved": "https://registry.npmjs.org/evtd/-/evtd-0.2.4.tgz",
      "integrity": "sha512-qaeGN5bx63s/AXgQo8gj6fBkxge+OoLddLniox5qtLAEY5HSnuSlISXVPxnSae1dWblvTh4/HoMIB+mbMsvZzw==",
      "dev": true
    },
    "node_modules/follow-redirects": {
      "version": "1.15.3",
      "funding": [
        {
          "type": "individual",
          "url": "https://github.com/sponsors/RubenVerborgh"
        }
      ],
      "license": "MIT",
      "engines": {
        "node": ">=4.0"
      },
      "peerDependenciesMeta": {
        "debug": {
          "optional": true
        }
      }
    },
    "node_modules/form-data": {
      "version": "4.0.0",
      "license": "MIT",
      "dependencies": {
        "asynckit": "^0.4.0",
        "combined-stream": "^1.0.8",
        "mime-types": "^2.1.12"
      },
      "engines": {
        "node": ">= 6"
      }
    },
    "node_modules/fsevents": {
      "version": "2.3.3",
      "dev": true,
      "license": "MIT",
      "optional": true,
      "os": [
        "darwin"
      ],
      "engines": {
        "node": "^8.16.0 || ^10.6.0 || >=11.0.0"
      }
    },
    "node_modules/good-listener": {
      "version": "1.2.2",
      "resolved": "https://registry.npmjs.org/good-listener/-/good-listener-1.2.2.tgz",
      "integrity": "sha512-goW1b+d9q/HIwbVYZzZ6SsTr4IgE+WA44A0GmPIQstuOrgsFcT7VEJ48nmr9GaRtNu0XTKacFLGnBPAM6Afouw==",
      "dependencies": {
        "delegate": "^3.1.2"
      }
    },
    "node_modules/highlight.js": {
      "version": "11.9.0",
      "resolved": "https://registry.npmjs.org/highlight.js/-/highlight.js-11.9.0.tgz",
      "integrity": "sha512-fJ7cW7fQGCYAkgv4CPfwFHrfd/cLS4Hau96JuJ+ZTOWhjnhoeN1ub1tFmALm/+lW5z4WCAuAV9bm05AP0mS6Gw==",
      "engines": {
        "node": ">=12.0.0"
      }
    },
    "node_modules/html2canvas": {
      "version": "1.4.1",
      "resolved": "https://registry.npmjs.org/html2canvas/-/html2canvas-1.4.1.tgz",
      "integrity": "sha512-fPU6BHNpsyIhr8yyMpTLLxAbkaK8ArIBcmZIRiBLiDhjeqvXolaEmDGmELFuX9I4xDcaKKcJl+TKZLqruBbmWA==",
      "dependencies": {
        "css-line-break": "^2.1.0",
        "text-segmentation": "^1.0.3"
      },
      "engines": {
        "node": ">=8.0.0"
      }
    },
    "node_modules/katex": {
      "version": "0.13.24",
      "resolved": "https://registry.npmjs.org/katex/-/katex-0.13.24.tgz",
      "integrity": "sha512-jZxYuKCma3VS5UuxOx/rFV1QyGSl3Uy/i0kTJF3HgQ5xMinCQVF8Zd4bMY/9aI9b9A2pjIBOsjSSm68ykTAr8w==",
      "funding": [
        "https://opencollective.com/katex",
        "https://github.com/sponsors/katex"
      ],
      "dependencies": {
        "commander": "^8.0.0"
      },
      "bin": {
        "katex": "cli.js"
      }
    },
    "node_modules/linkify-it": {
      "version": "5.0.0",
      "resolved": "https://registry.npmjs.org/linkify-it/-/linkify-it-5.0.0.tgz",
      "integrity": "sha512-5aHCbzQRADcdP+ATqnDuhhJ/MRIqDkZX5pyjFHRRysS8vZ5AbqGEoFIb6pYHPZ+L/OC2Lc+xT8uHVVR5CAK/wQ==",
      "dependencies": {
        "uc.micro": "^2.0.0"
      }
    },
    "node_modules/lodash": {
      "version": "4.17.21",
      "resolved": "https://registry.npmjs.org/lodash/-/lodash-4.17.21.tgz",
      "integrity": "sha512-v2kDEe57lecTulaDIuNTPy3Ry4gLGJ6Z1O3vE1krgXZNrsQ+LFTGHVxVjcXPs17LhbZVGedAJv8XZ1tvj5FvSg==",
      "dev": true
    },
    "node_modules/lodash-es": {
      "version": "4.17.21",
      "resolved": "https://registry.npmjs.org/lodash-es/-/lodash-es-4.17.21.tgz",
      "integrity": "sha512-mKnC+QJ9pWVzv+C4/U3rRsHapFfHvQFoFB92e52xeyGMcX6/OlIl78je1u8vePzYZSkkogMPJ2yjxxsb89cxyw==",
      "dev": true
    },
    "node_modules/magic-string": {
      "version": "0.30.3",
      "license": "MIT",
      "dependencies": {
        "@jridgewell/sourcemap-codec": "^1.4.15"
      },
      "engines": {
        "node": ">=12"
      }
    },
    "node_modules/markdown-it": {
      "version": "14.0.0",
      "resolved": "https://registry.npmjs.org/markdown-it/-/markdown-it-14.0.0.tgz",
      "integrity": "sha512-seFjF0FIcPt4P9U39Bq1JYblX0KZCjDLFFQPHpL5AzHpqPEKtosxmdq/LTVZnjfH7tjt9BxStm+wXcDBNuYmzw==",
      "dependencies": {
        "argparse": "^2.0.1",
        "entities": "^4.4.0",
        "linkify-it": "^5.0.0",
        "mdurl": "^2.0.0",
        "punycode.js": "^2.3.1",
        "uc.micro": "^2.0.0"
      },
      "bin": {
        "markdown-it": "bin/markdown-it.mjs"
      }
    },
    "node_modules/markdown-it-abbr": {
      "version": "1.0.4",
      "resolved": "https://registry.npmjs.org/markdown-it-abbr/-/markdown-it-abbr-1.0.4.tgz",
      "integrity": "sha512-ZeA4Z4SaBbYysZap5iZcxKmlPL6bYA8grqhzJIHB1ikn7njnzaP8uwbtuXc4YXD5LicI4/2Xmc0VwmSiFV04gg=="
    },
    "node_modules/markdown-it-deflist": {
      "version": "2.1.0",
      "resolved": "https://registry.npmjs.org/markdown-it-deflist/-/markdown-it-deflist-2.1.0.tgz",
      "integrity": "sha512-3OuqoRUlSxJiuQYu0cWTLHNhhq2xtoSFqsZK8plANg91+RJQU1ziQ6lA2LzmFAEes18uPBsHZpcX6We5l76Nzg=="
    },
    "node_modules/markdown-it-emoji": {
      "version": "1.4.0",
      "resolved": "https://registry.npmjs.org/markdown-it-emoji/-/markdown-it-emoji-1.4.0.tgz",
      "integrity": "sha512-QCz3Hkd+r5gDYtS2xsFXmBYrgw6KuWcJZLCEkdfAuwzZbShCmCfta+hwAMq4NX/4xPzkSHduMKgMkkPUJxSXNg=="
    },
    "node_modules/markdown-it-footnote": {
      "version": "2.0.0",
      "resolved": "https://registry.npmjs.org/markdown-it-footnote/-/markdown-it-footnote-2.0.0.tgz",
      "integrity": "sha512-GMWkJXSHh5tiQt77zCLOSZI2Xy3Oqdb82GmT0Q0h2UT6SbUrMCAiHEiMBIt5V7Xfm73rBxS0VOhlLndkn1GPnw=="
    },
    "node_modules/markdown-it-ins": {
      "version": "2.0.0",
      "resolved": "https://registry.npmjs.org/markdown-it-ins/-/markdown-it-ins-2.0.0.tgz",
      "integrity": "sha512-DhLLxseIg2C7+AULvoyVI+zMeufR0QFvXJ2o0oV013hN5HvBvNh2rbVtTdxZjI959+hgo2AA0aRdtEIUaKPbhg=="
    },
    "node_modules/markdown-it-katex": {
      "version": "2.0.3",
      "resolved": "https://registry.npmjs.org/markdown-it-katex/-/markdown-it-katex-2.0.3.tgz",
      "integrity": "sha512-nUkkMtRWeg7OpdflamflE/Ho/pWl64Lk9wNBKOmaj33XkQdumhXAIYhI0WO03GeiycPCsxbmX536V5NEXpC3Ng==",
      "dependencies": {
        "katex": "^0.6.0"
      }
    },
    "node_modules/markdown-it-katex/node_modules/katex": {
      "version": "0.6.0",
      "resolved": "https://registry.npmjs.org/katex/-/katex-0.6.0.tgz",
      "integrity": "sha512-rS4mY3SvHYg5LtQV6RBcK0if7ur6plyEukAOV+jGGPqFImuzu8fHL6M752iBmRGoUyF0bhZbAPoezehn7xYksA==",
      "dependencies": {
        "match-at": "^0.1.0"
      },
      "bin": {
        "katex": "cli.js"
      }
    },
    "node_modules/markdown-it-mark": {
      "version": "2.0.0",
      "resolved": "https://registry.npmjs.org/markdown-it-mark/-/markdown-it-mark-2.0.0.tgz",
      "integrity": "sha512-iT8ua0Bda8QrVwHDOUNw1eyCuL7irXeYch5n8zGS4tb7wsDIn7EjQZLjihKaijzBiL0ikfWL2zAvL/ECqTvsNA=="
    },
    "node_modules/markdown-it-sub": {
      "version": "1.0.0",
      "resolved": "https://registry.npmjs.org/markdown-it-sub/-/markdown-it-sub-1.0.0.tgz",
      "integrity": "sha512-z2Rm/LzEE1wzwTSDrI+FlPEveAAbgdAdPhdWarq/ZGJrGW/uCQbKAnhoCsE4hAbc3SEym26+W2z/VQB0cQiA9Q=="
    },
    "node_modules/markdown-it-sup": {
      "version": "1.0.0",
      "resolved": "https://registry.npmjs.org/markdown-it-sup/-/markdown-it-sup-1.0.0.tgz",
      "integrity": "sha512-E32m0nV9iyhRR7CrhnzL5msqic7rL1juWre6TQNxsnApg7Uf+F97JOKxUijg5YwXz86lZ0mqfOnutoryyNdntQ=="
    },
    "node_modules/markdown-it-task-lists": {
      "version": "2.1.1",
      "resolved": "https://registry.npmjs.org/markdown-it-task-lists/-/markdown-it-task-lists-2.1.1.tgz",
      "integrity": "sha512-TxFAc76Jnhb2OUu+n3yz9RMu4CwGfaT788br6HhEDlvWfdeJcLUsxk1Hgw2yJio0OXsxv7pyIPmvECY7bMbluA=="
    },
    "node_modules/markdown-it-toc-and-anchor": {
      "version": "4.2.0",
      "resolved": "https://registry.npmjs.org/markdown-it-toc-and-anchor/-/markdown-it-toc-and-anchor-4.2.0.tgz",
      "integrity": "sha512-DusSbKtg8CwZ92ztN7bOojDpP4h0+w7BVOPuA3PHDIaabMsERYpwsazLYSP/UlKedoQjOz21mwlai36TQ04EpA==",
      "dependencies": {
        "clone": "^2.1.0",
        "uslug": "^1.0.4"
      }
    },
    "node_modules/marked": {
      "version": "11.1.0",
      "resolved": "https://registry.npmjs.org/marked/-/marked-11.1.0.tgz",
      "integrity": "sha512-fvKJWAPEafVj1dwGwcPI5mBB/0pvViL6NlCbNDG1HOIRwwAU/jeMoFxfbRLuirO1wRH7m4yPvBqD/O1wyWvayw==",
      "bin": {
        "marked": "bin/marked.js"
      },
      "engines": {
        "node": ">= 18"
      }
    },
    "node_modules/match-at": {
      "version": "0.1.1",
      "resolved": "https://registry.npmjs.org/match-at/-/match-at-0.1.1.tgz",
      "integrity": "sha512-h4Yd392z9mST+dzc+yjuybOGFNOZjmXIPKWjxBd1Bb23r4SmDOsk2NYCU2BMUBGbSpZqwVsZYNq26QS3xfaT3Q=="
    },
    "node_modules/mathjax": {
      "version": "3.2.2",
      "resolved": "https://registry.npmjs.org/mathjax/-/mathjax-3.2.2.tgz",
      "integrity": "sha512-Bt+SSVU8eBG27zChVewOicYs7Xsdt40qm4+UpHyX7k0/O9NliPc+x77k1/FEsPsjKPZGJvtRZM1vO+geW0OhGw=="
    },
    "node_modules/mdurl": {
      "version": "2.0.0",
      "resolved": "https://registry.npmjs.org/mdurl/-/mdurl-2.0.0.tgz",
      "integrity": "sha512-Lf+9+2r+Tdp5wXDXC4PcIBjTDtq4UKjCPMQhKIuzpJNW0b96kVqSwW0bT7FhRSfmAiFYgP+SCRvdrDozfh0U5w=="
    },
    "node_modules/mime-db": {
      "version": "1.52.0",
      "license": "MIT",
      "engines": {
        "node": ">= 0.6"
      }
    },
    "node_modules/mime-types": {
      "version": "2.1.35",
      "license": "MIT",
      "dependencies": {
        "mime-db": "1.52.0"
      },
      "engines": {
        "node": ">= 0.6"
      }
    },
    "node_modules/mitt": {
      "version": "3.0.1",
      "license": "MIT"
    },
    "node_modules/naive-ui": {
      "version": "2.36.0",
      "resolved": "https://registry.npmjs.org/naive-ui/-/naive-ui-2.36.0.tgz",
      "integrity": "sha512-r1ydtEm1Ryf/aWpbLCf32mQAGK99jd1eXgpkCtIomcBRZeAtusfy6zCtIpCppoCuIKM3BW5DMafhVxilubk/lQ==",
      "dev": true,
      "dependencies": {
        "@css-render/plugin-bem": "^0.15.12",
        "@css-render/vue3-ssr": "^0.15.12",
        "@types/katex": "^0.16.2",
        "@types/lodash": "^4.14.198",
        "@types/lodash-es": "^4.17.9",
        "async-validator": "^4.2.5",
        "css-render": "^0.15.12",
        "date-fns": "^2.30.0",
        "date-fns-tz": "^2.0.0",
        "evtd": "^0.2.4",
        "highlight.js": "^11.8.0",
        "lodash": "^4.17.21",
        "lodash-es": "^4.17.21",
        "seemly": "^0.3.8",
        "treemate": "^0.3.11",
        "vdirs": "^0.1.8",
        "vooks": "^0.2.12",
        "vueuc": "^0.4.54"
      },
      "peerDependencies": {
        "vue": "^3.0.0"
      }
    },
    "node_modules/nanoid": {
      "version": "3.3.6",
      "funding": [
        {
          "type": "github",
          "url": "https://github.com/sponsors/ai"
        }
      ],
      "license": "MIT",
      "bin": {
        "nanoid": "bin/nanoid.cjs"
      },
      "engines": {
        "node": "^10 || ^12 || ^13.7 || ^14 || >=15.0.1"
      }
    },
    "node_modules/picocolors": {
      "version": "1.0.0",
      "license": "ISC"
    },
    "node_modules/postcss": {
      "version": "8.4.31",
      "funding": [
        {
          "type": "opencollective",
          "url": "https://opencollective.com/postcss/"
        },
        {
          "type": "tidelift",
          "url": "https://tidelift.com/funding/github/npm/postcss"
        },
        {
          "type": "github",
          "url": "https://github.com/sponsors/ai"
        }
      ],
      "license": "MIT",
      "dependencies": {
        "nanoid": "^3.3.6",
        "picocolors": "^1.0.0",
        "source-map-js": "^1.0.2"
      },
      "engines": {
        "node": "^10 || ^12 || >=14"
      }
    },
    "node_modules/proxy-from-env": {
      "version": "1.1.0",
      "license": "MIT"
    },
    "node_modules/punycode.js": {
      "version": "2.3.1",
      "resolved": "https://registry.npmjs.org/punycode.js/-/punycode.js-2.3.1.tgz",
      "integrity": "sha512-uxFIHU0YlHYhDQtV4R9J6a52SLx28BCjT+4ieh7IGbgwVJWO+km431c4yRlREUAsAmt/uMjQUyQHNEPf0M39CA==",
      "engines": {
        "node": ">=6"
      }
    },
    "node_modules/regenerator-runtime": {
      "version": "0.14.1",
      "resolved": "https://registry.npmjs.org/regenerator-runtime/-/regenerator-runtime-0.14.1.tgz",
      "integrity": "sha512-dYnhHh0nJoMfnkZs6GmmhFknAGRrLznOu5nc9ML+EJxGvrx6H7teuevqVqCuPcPK//3eDrrjQhehXVx9cnkGdw==",
      "dev": true
    },
    "node_modules/relation-graph": {
      "version": "2.1.23",
      "resolved": "https://registry.npmjs.org/relation-graph/-/relation-graph-2.1.23.tgz",
      "integrity": "sha512-gym1N+KHFFwlaAJqMLJQ7FxufakeZCuXqz5s+BqoimH/JzjxQQguGIgMKB6Xrgp4hMvgjOqxjYx9t7QnuNMcYQ==",
      "dependencies": {
        "html2canvas": "^1.4.1",
        "screenfull": "^5.1.0"
      }
    },
    "node_modules/rollup": {
      "version": "3.29.2",
      "dev": true,
      "license": "MIT",
      "bin": {
        "rollup": "dist/bin/rollup"
      },
      "engines": {
        "node": ">=14.18.0",
        "npm": ">=8.0.0"
      },
      "optionalDependencies": {
        "fsevents": "~2.3.2"
      }
    },
    "node_modules/screenfull": {
      "version": "5.2.0",
      "resolved": "https://registry.npmjs.org/screenfull/-/screenfull-5.2.0.tgz",
      "integrity": "sha512-9BakfsO2aUQN2K9Fdbj87RJIEZ82Q9IGim7FqM5OsebfoFC6ZHXgDq/KvniuLTPdeM8wY2o6Dj3WQ7KeQCj3cA==",
      "engines": {
        "node": ">=0.10.0"
      },
      "funding": {
        "url": "https://github.com/sponsors/sindresorhus"
      }
    },
    "node_modules/seemly": {
      "version": "0.3.8",
      "resolved": "https://registry.npmjs.org/seemly/-/seemly-0.3.8.tgz",
      "integrity": "sha512-MW8Qs6vbzo0pHmDpFSYPna+lwpZ6Zk1ancbajw/7E8TKtHdV+1DfZZD+kKJEhG/cAoB/i+LiT+5msZOqj0DwRA==",
      "dev": true
    },
    "node_modules/select": {
      "version": "1.1.2",
      "resolved": "https://registry.npmjs.org/select/-/select-1.1.2.tgz",
      "integrity": "sha512-OwpTSOfy6xSs1+pwcNrv0RBMOzI39Lp3qQKUTPVVPRjCdNa5JH/oPRiqsesIskK8TVgmRiHwO4KXlV2Li9dANA=="
    },
    "node_modules/source-map-js": {
      "version": "1.0.2",
      "license": "BSD-3-Clause",
      "engines": {
        "node": ">=0.10.0"
      }
    },
    "node_modules/sprintf-js": {
      "version": "1.0.3",
      "resolved": "https://registry.npmjs.org/sprintf-js/-/sprintf-js-1.0.3.tgz",
      "integrity": "sha512-D9cPgkvLlV3t3IzL0D0YLvGA9Ahk4PcvVwUbN0dSGr1aP0Nrt4AEnTUbuGvquEC0mA64Gqt1fzirlRs5ibXx8g=="
    },
    "node_modules/text-segmentation": {
      "version": "1.0.3",
      "resolved": "https://registry.npmjs.org/text-segmentation/-/text-segmentation-1.0.3.tgz",
      "integrity": "sha512-iOiPUo/BGnZ6+54OsWxZidGCsdU8YbE4PSpdPinp7DeMtUJNJBoJ/ouUSTJjHkh1KntHaltHl/gDs2FC4i5+Nw==",
      "dependencies": {
        "utrie": "^1.0.2"
      }
    },
    "node_modules/three": {
      "version": "0.158.0",
      "license": "MIT"
    },
    "node_modules/tiny-emitter": {
      "version": "2.1.0",
      "resolved": "https://registry.npmjs.org/tiny-emitter/-/tiny-emitter-2.1.0.tgz",
      "integrity": "sha512-NB6Dk1A9xgQPMoGqC5CVXn123gWyte215ONT5Pp5a0yt4nlEoO1ZWeCwpncaekPHXO60i47ihFnZPiRPjRMq4Q=="
    },
    "node_modules/treemate": {
      "version": "0.3.11",
      "resolved": "https://registry.npmjs.org/treemate/-/treemate-0.3.11.tgz",
      "integrity": "sha512-M8RGFoKtZ8dF+iwJfAJTOH/SM4KluKOKRJpjCMhI8bG3qB74zrFoArKZ62ll0Fr3mqkMJiQOmWYkdYgDeITYQg==",
      "dev": true
    },
    "node_modules/tslib": {
      "version": "2.3.0",
      "resolved": "https://registry.npmjs.org/tslib/-/tslib-2.3.0.tgz",
      "integrity": "sha512-N82ooyxVNm6h1riLCoyS9e3fuJ3AMG2zIZs2Gd1ATcSFjSA23Q0fzjjZeh0jbJvWVDZ0cJT8yaNNaaXHzueNjg=="
    },
    "node_modules/uc.micro": {
      "version": "2.0.0",
      "resolved": "https://registry.npmjs.org/uc.micro/-/uc.micro-2.0.0.tgz",
      "integrity": "sha512-DffL94LsNOccVn4hyfRe5rdKa273swqeA5DJpMOeFmEn1wCDc7nAbbB0gXlgBCL7TNzeTv6G7XVWzan7iJtfig=="
    },
    "node_modules/undici-types": {
      "version": "5.26.5",
      "resolved": "https://registry.npmjs.org/undici-types/-/undici-types-5.26.5.tgz",
      "integrity": "sha512-JlCMO+ehdEIKqlFxk6IfVoAUVmgz7cU7zD/h9XZ0qzeosSHmUJVOzSQvvYSYWXkFXC+IfLKSIffhv0sVZup6pA==",
      "dev": true,
      "optional": true,
      "peer": true
    },
    "node_modules/unorm": {
      "version": "1.6.0",
      "resolved": "https://registry.npmjs.org/unorm/-/unorm-1.6.0.tgz",
      "integrity": "sha512-b2/KCUlYZUeA7JFUuRJZPUtr4gZvBh7tavtv4fvk4+KV9pfGiR6CQAQAWl49ZpR3ts2dk4FYkP7EIgDJoiOLDA==",
      "engines": {
        "node": ">= 0.4.0"
      }
    },
    "node_modules/uslug": {
      "version": "1.0.4",
      "resolved": "https://registry.npmjs.org/uslug/-/uslug-1.0.4.tgz",
      "integrity": "sha512-Jrbpp/NS3TvIGNjfJT1sn3/BCeykoxR8GbNYW5lF6fUscLkbXFwj1b7m4DvIkHm8k3Qr6Co68lbTmoZTMGk/ow==",
      "dependencies": {
        "unorm": ">= 1.0.0"
      },
      "engines": {
        "node": ">= 0.4.0"
      }
    },
    "node_modules/utrie": {
      "version": "1.0.2",
      "resolved": "https://registry.npmjs.org/utrie/-/utrie-1.0.2.tgz",
      "integrity": "sha512-1MLa5ouZiOmQzUbjbu9VmjLzn1QLXBhwpUa7kdLUQK+KQ5KA9I1vk5U4YHe/X2Ch7PYnJfWuWT+VbuxbGwljhw==",
      "dependencies": {
        "base64-arraybuffer": "^1.0.2"
      }
    },
    "node_modules/vatex": {
      "version": "0.1.0",
      "resolved": "https://registry.npmjs.org/vatex/-/vatex-0.1.0.tgz",
      "integrity": "sha512-m+mE55VsRNIHP1fqaNr5gDbc3RxDh+udkej1Q3UoOek4JvBGiydT4diGHl/28E3crJFmhuQo1Q3rA+jbur0avw==",
      "dependencies": {
        "vue-demi": "latest"
      },
      "peerDependencies": {
        "@vue/composition-api": "^1.0.0-rc.11",
        "katex": "^0.13.11",
        "vue": "^2.6.12 || ^3.1.1"
      },
      "peerDependenciesMeta": {
        "@vue/composition-api": {
          "optional": true
        }
      }
    },
    "node_modules/vatex/node_modules/vue-demi": {
      "version": "0.14.6",
      "resolved": "https://registry.npmjs.org/vue-demi/-/vue-demi-0.14.6.tgz",
      "integrity": "sha512-8QA7wrYSHKaYgUxDA5ZC24w+eHm3sYCbp0EzcDwKqN3p6HqtTCGR/GVsPyZW92unff4UlcSh++lmqDWN3ZIq4w==",
      "hasInstallScript": true,
      "bin": {
        "vue-demi-fix": "bin/vue-demi-fix.js",
        "vue-demi-switch": "bin/vue-demi-switch.js"
      },
      "engines": {
        "node": ">=12"
      },
      "funding": {
        "url": "https://github.com/sponsors/antfu"
      },
      "peerDependencies": {
        "@vue/composition-api": "^1.0.0-rc.1",
        "vue": "^3.0.0-0 || ^2.6.0"
      },
      "peerDependenciesMeta": {
        "@vue/composition-api": {
          "optional": true
        }
      }
    },
    "node_modules/vdirs": {
      "version": "0.1.8",
      "resolved": "https://registry.npmjs.org/vdirs/-/vdirs-0.1.8.tgz",
      "integrity": "sha512-H9V1zGRLQZg9b+GdMk8MXDN2Lva0zx72MPahDKc30v+DtwKjfyOSXWRIX4t2mhDubM1H09gPhWeth/BJWPHGUw==",
      "dev": true,
      "dependencies": {
        "evtd": "^0.2.2"
      },
      "peerDependencies": {
        "vue": "^3.0.11"
      }
    },
    "node_modules/vite": {
      "version": "4.5.1",
      "dev": true,
      "license": "MIT",
      "dependencies": {
        "esbuild": "^0.18.10",
        "postcss": "^8.4.27",
        "rollup": "^3.27.1"
      },
      "bin": {
        "vite": "bin/vite.js"
      },
      "engines": {
        "node": "^14.18.0 || >=16.0.0"
      },
      "funding": {
        "url": "https://github.com/vitejs/vite?sponsor=1"
      },
      "optionalDependencies": {
        "fsevents": "~2.3.2"
      },
      "peerDependencies": {
        "@types/node": ">= 14",
        "less": "*",
        "lightningcss": "^1.21.0",
        "sass": "*",
        "stylus": "*",
        "sugarss": "*",
        "terser": "^5.4.0"
      },
      "peerDependenciesMeta": {
        "@types/node": {
          "optional": true
        },
        "less": {
          "optional": true
        },
        "lightningcss": {
          "optional": true
        },
        "sass": {
          "optional": true
        },
        "stylus": {
          "optional": true
        },
        "sugarss": {
          "optional": true
        },
        "terser": {
          "optional": true
        }
      }
    },
    "node_modules/vooks": {
      "version": "0.2.12",
      "resolved": "https://registry.npmjs.org/vooks/-/vooks-0.2.12.tgz",
      "integrity": "sha512-iox0I3RZzxtKlcgYaStQYKEzWWGAduMmq+jS7OrNdQo1FgGfPMubGL3uGHOU9n97NIvfFDBGnpSvkWyb/NSn/Q==",
      "dev": true,
      "dependencies": {
        "evtd": "^0.2.2"
      },
      "peerDependencies": {
        "vue": "^3.0.0"
      }
    },
    "node_modules/vue": {
      "version": "3.3.4",
      "license": "MIT",
      "dependencies": {
        "@vue/compiler-dom": "3.3.4",
        "@vue/compiler-sfc": "3.3.4",
        "@vue/runtime-dom": "3.3.4",
        "@vue/server-renderer": "3.3.4",
        "@vue/shared": "3.3.4"
      }
    },
    "node_modules/vue-cookies": {
      "version": "1.8.3",
      "license": "MIT"
    },
    "node_modules/vue-i18n": {
      "version": "9.7.0",
      "license": "MIT",
      "dependencies": {
        "@intlify/core-base": "9.7.0",
        "@intlify/shared": "9.7.0",
        "@vue/devtools-api": "^6.5.0"
      },
      "engines": {
        "node": ">= 16"
      },
      "funding": {
        "url": "https://github.com/sponsors/kazupon"
      },
      "peerDependencies": {
        "vue": "^3.0.0"
      }
    },
    "node_modules/vue-markdown": {
      "version": "2.2.4",
      "resolved": "https://registry.npmjs.org/vue-markdown/-/vue-markdown-2.2.4.tgz",
      "integrity": "sha512-hoTX/W1UIdHZrp/b0vpHSsJXAEfWsafaQLgtE2VX4gY8O/C3L2Gabqu95gyG429rL4ML1SwGv+xsPABX7yfFIQ==",
      "dependencies": {
        "highlight.js": "^9.12.0",
        "markdown-it": "^6.0.1",
        "markdown-it-abbr": "^1.0.3",
        "markdown-it-deflist": "^2.0.1",
        "markdown-it-emoji": "^1.1.1",
        "markdown-it-footnote": "^2.0.0",
        "markdown-it-ins": "^2.0.0",
        "markdown-it-katex": "^2.0.3",
        "markdown-it-mark": "^2.0.0",
        "markdown-it-sub": "^1.0.0",
        "markdown-it-sup": "^1.0.0",
        "markdown-it-task-lists": "^2.0.1",
        "markdown-it-toc-and-anchor": "^4.1.2"
      }
    },
    "node_modules/vue-markdown/node_modules/argparse": {
      "version": "1.0.10",
      "resolved": "https://registry.npmjs.org/argparse/-/argparse-1.0.10.tgz",
      "integrity": "sha512-o5Roy6tNG4SL/FOkCAN6RzjiakZS25RLYFrcMttJqbdd8BWrnA+fGz57iN5Pb06pvBGvl5gQ0B48dJlslXvoTg==",
      "dependencies": {
        "sprintf-js": "~1.0.2"
      }
    },
    "node_modules/vue-markdown/node_modules/entities": {
      "version": "1.1.2",
      "resolved": "https://registry.npmjs.org/entities/-/entities-1.1.2.tgz",
      "integrity": "sha512-f2LZMYl1Fzu7YSBKg+RoROelpOaNrcGmE9AZubeDfrCEia483oW4MI4VyFd5VNHIgQ/7qm1I0wUHK1eJnn2y2w=="
    },
    "node_modules/vue-markdown/node_modules/highlight.js": {
      "version": "9.18.5",
      "resolved": "https://registry.npmjs.org/highlight.js/-/highlight.js-9.18.5.tgz",
      "integrity": "sha512-a5bFyofd/BHCX52/8i8uJkjr9DYwXIPnM/plwI6W7ezItLGqzt7X2G2nXuYSfsIJdkwwj/g9DG1LkcGJI/dDoA==",
      "deprecated": "Support has ended for 9.x series. Upgrade to @latest",
      "hasInstallScript": true,
      "engines": {
        "node": "*"
      }
    },
    "node_modules/vue-markdown/node_modules/linkify-it": {
      "version": "1.2.4",
      "resolved": "https://registry.npmjs.org/linkify-it/-/linkify-it-1.2.4.tgz",
      "integrity": "sha512-eGHwtlABkp1NOJSiKUNqBf3SYAS5jPHtvRXPAgNaQwTqmkTahjtiLH9NtxdR5IOPhNvwNMN/diswSfZKzUkhGg==",
      "dependencies": {
        "uc.micro": "^1.0.1"
      }
    },
    "node_modules/vue-markdown/node_modules/markdown-it": {
      "version": "6.1.1",
      "resolved": "https://registry.npmjs.org/markdown-it/-/markdown-it-6.1.1.tgz",
      "integrity": "sha512-woFl7h/sqt9xRmiMweNuO7nu+w8Lz3SXsDlvE3TYeu1SdPqQ+VW4GZyaKP442Bq6XUN6V6IQjJTR93RDYG2mjw==",
      "dependencies": {
        "argparse": "^1.0.7",
        "entities": "~1.1.1",
        "linkify-it": "~1.2.2",
        "mdurl": "~1.0.1",
        "uc.micro": "^1.0.1"
      },
      "bin": {
        "markdown-it": "bin/markdown-it.js"
      }
    },
    "node_modules/vue-markdown/node_modules/mdurl": {
      "version": "1.0.1",
      "resolved": "https://registry.npmjs.org/mdurl/-/mdurl-1.0.1.tgz",
      "integrity": "sha512-/sKlQJCBYVY9Ers9hqzKou4H6V5UWc/M59TH2dvkt+84itfnq7uFOMLpOiOS4ujvHP4etln18fmIxA5R5fll0g=="
    },
    "node_modules/vue-markdown/node_modules/uc.micro": {
      "version": "1.0.6",
      "resolved": "https://registry.npmjs.org/uc.micro/-/uc.micro-1.0.6.tgz",
      "integrity": "sha512-8Y75pvTYkLJW2hWQHXxoqRgV7qb9B+9vFEtidML+7koHUFapnVJAZ6cKs+Qjz5Aw3aZWHMC6u0wJE3At+nSGwA=="
    },
    "node_modules/vue-router": {
      "version": "4.2.5",
      "license": "MIT",
      "dependencies": {
        "@vue/devtools-api": "^6.5.0"
      },
      "funding": {
        "url": "https://github.com/sponsors/posva"
      },
      "peerDependencies": {
        "vue": "^3.2.0"
      }
    },
    "node_modules/vueuc": {
      "version": "0.4.57",
      "resolved": "https://registry.npmjs.org/vueuc/-/vueuc-0.4.57.tgz",
      "integrity": "sha512-hgQVqChXFBMOUKKuT8cWjMOgYlICJXxaT4YXQqgMSUt2iLsXd27S30yZAOQOK/6dZ1pak6G1+vqoVDIWZCfO+A==",
      "dev": true,
      "dependencies": {
        "@css-render/vue3-ssr": "^0.15.10",
        "@juggle/resize-observer": "^3.3.1",
        "css-render": "^0.15.10",
        "evtd": "^0.2.4",
        "seemly": "^0.3.6",
        "vdirs": "^0.1.4",
        "vooks": "^0.2.4"
      },
      "peerDependencies": {
        "vue": "^3.0.11"
      }
    },
    "node_modules/vuex": {
      "version": "4.1.0",
      "license": "MIT",
      "dependencies": {
        "@vue/devtools-api": "^6.0.0-beta.11"
      },
      "peerDependencies": {
        "vue": "^3.2.0"
      }
    },
    "node_modules/zrender": {
      "version": "5.4.4",
      "resolved": "https://registry.npmjs.org/zrender/-/zrender-5.4.4.tgz",
      "integrity": "sha512-0VxCNJ7AGOMCWeHVyTrGzUgrK4asT4ml9PEkeGirAkKNYXYzoPJCLvmyfdoOXcjTHPs10OZVMfD1Rwg16AZyYw==",
      "dependencies": {
        "tslib": "2.3.0"
      }
    }
  }
}
